
Microsoft Visual Studio Solution File, Format Version 12.00
Project("{FAE04EC0-301F-11D3-BF4B-00C04F79EFBC}") = "SingletonTut", "SingletonTut\SingletonTut.csproj", "{5FA572C8-D500-4FED-8956-D49510198DCD}"
EndProject
Project("{FAE04EC0-301F-11D3-BF4B-00C04F79EFBC}") = "SingletoneMultiTheadExample", "SingletoneMultiTheadExample\SingletoneMultiTheadExample.csproj", "{481C27A5-396A-46C0-89ED-612F1F8A2D54}"
EndProject
Global
	GlobalSection(SolutionConfigurationPlatforms) = preSolution
		Debug|Any CPU = Debug|Any CPU
		Release|Any CPU = Release|Any CPU
	EndGlobalSection
	GlobalSection(ProjectConfigurationPlatforms) = postSolution
		{5FA572C8-D500-4FED-8956-D49510198DCD}.Debug|Any CPU.ActiveCfg = Debug|Any CPU
		{5FA572C8-D500-4FED-8956-D49510198DCD}.Debug|Any CPU.Build.0 = Debug|Any CPU
		{5FA572C8-D500-4FED-8956-D49510198DCD}.Release|Any CPU.ActiveCfg = Release|Any CPU
		{5FA572C8-D500-4FED-8956-D49510198DCD}.Release|Any CPU.Build.0 = Release|Any CPU
		{481C27A5-396A-46C0-89ED-612F1F8A2D54}.Debug|Any CPU.ActiveCfg = Debug|Any CPU
		{481C27A5-396A-46C0-89ED-612F1F8A2D54}.Debug|Any CPU.Build.0 = Debug|Any CPU
		{481C27A5-396A-46C0-89ED-612F1F8A2D54}.Release|Any CPU.ActiveCfg = Release|Any CPU
		{481C27A5-396A-46C0-89ED-612F1F8A2D54}.Release|Any CPU.Build.0 = Release|Any CPU
	EndGlobalSection
EndGlobal
